
Microsoft Visual Studio Solution File, Format Version 12.00
# Visual Studio Version 17
VisualStudioVersion = 17.5.002.0
MinimumVisualStudioVersion = 10.0.40219.1
Project("{9A19103F-16F7-4668-BE54-9A1E7A4F7556}") = "WebApiProject", "WebApiProject.csproj", "{4A3CDA8A-3726-4C90-89DF-8B2C26FF59FA}"
EndProject
Global
	GlobalSection(SolutionConfigurationPlatforms) = preSolution
		Debug|Any CPU = Debug|Any CPU
		Release|Any CPU = Release|Any CPU
	EndGlobalSection
	GlobalSection(ProjectConfigurationPlatforms) = postSolution
		{4A3CDA8A-3726-4C90-89DF-8B2C26FF59FA}.Debug|Any CPU.ActiveCfg = Debug|Any CPU
		{4A3CDA8A-3726-4C90-89DF-8B2C26FF59FA}.Debug|Any CPU.Build.0 = Debug|Any CPU
		{4A3CDA8A-3726-4C90-89DF-8B2C26FF59FA}.Release|Any CPU.ActiveCfg = Release|Any CPU
		{4A3CDA8A-3726-4C90-89DF-8B2C26FF59FA}.Release|Any CPU.Build.0 = Release|Any CPU
	EndGlobalSection
	GlobalSection(SolutionProperties) = preSolution
		HideSolutionNode = FALSE
	EndGlobalSection
	GlobalSection(ExtensibilityGlobals) = postSolution
		SolutionGuid = {45B19EC5-B457-42CE-B792-4ABAF181A93F}
	EndGlobalSection
EndGlobal
